
Microsoft Visual Studio Solution File, Format Version 12.00
# Visual Studio Version 17
VisualStudioVersion = 17.5.002.0
MinimumVisualStudioVersion = 10.0.40219.1
Project("{9A19103F-16F7-4668-BE54-9A1E7A4F7556}") = "BlazorApp_Auth", "BlazorApp_Auth.csproj", "{F4FC574A-87F7-4AA9-BE19-3C4A2A15AA7F}"
EndProject
Global
	GlobalSection(SolutionConfigurationPlatforms) = preSolution
		Debug|Any CPU = Debug|Any CPU
		Release|Any CPU = Release|Any CPU
	EndGlobalSection
	GlobalSection(ProjectConfigurationPlatforms) = postSolution
		{F4FC574A-87F7-4AA9-BE19-3C4A2A15AA7F}.Debug|Any CPU.ActiveCfg = Debug|Any CPU
		{F4FC574A-87F7-4AA9-BE19-3C4A2A15AA7F}.Debug|Any CPU.Build.0 = Debug|Any CPU
		{F4FC574A-87F7-4AA9-BE19-3C4A2A15AA7F}.Release|Any CPU.ActiveCfg = Release|Any CPU
		{F4FC574A-87F7-4AA9-BE19-3C4A2A15AA7F}.Release|Any CPU.Build.0 = Release|Any CPU
	EndGlobalSection
	GlobalSection(SolutionProperties) = preSolution
		HideSolutionNode = FALSE
	EndGlobalSection
	GlobalSection(ExtensibilityGlobals) = postSolution
		SolutionGuid = {F90EFF4A-E08B-4CE1-BA77-2A1A590CF489}
	EndGlobalSection
EndGlobal
